// !$*UTF8*$!
{
	archiveVersion = 1;
	classes = {
	};
	objectVersion = 56;
	objects = {

/* Begin PBXBuildFile section */
		1A89D67F2B8E1AD1005C672E /* AmoutView.swift in Sources */ = {isa = PBXBuildFile; fileRef = 1A89D67E2B8E1AD1005C672E /* AmoutView.swift */; };
		1A89D6812B90B791005C672E /* HeaderView.swift in Sources */ = {isa = PBXBuildFile; fileRef = 1A89D6802B90B791005C672E /* HeaderView.swift */; };
		1A89D6842B90C0A7005C672E /* Tip.swift in Sources */ = {isa = PBXBuildFile; fileRef = 1A89D6832B90C0A7005C672E /* Tip.swift */; };
		1A89D6872B90F34B005C672E /* CalculatorVM.swift in Sources */ = {isa = PBXBuildFile; fileRef = 1A89D6862B90F34B005C672E /* CalculatorVM.swift */; };
		1A89D6892B90F534005C672E /* Result.swift in Sources */ = {isa = PBXBuildFile; fileRef = 1A89D6882B90F534005C672E /* Result.swift */; };
		1A90E2F62B976637002E709D /* String+Extension.swift in Sources */ = {isa = PBXBuildFile; fileRef = 1A90E2F52B976637002E709D /* String+Extension.swift */; };
		1A90E2F82B978EC4002E709D /* UIResponder+Extension.swift in Sources */ = {isa = PBXBuildFile; fileRef = 1A90E2F72B978EC4002E709D /* UIResponder+Extension.swift */; };
		1A90E2FA2B9A07BF002E709D /* Int+Extension.swift in Sources */ = {isa = PBXBuildFile; fileRef = 1A90E2F92B9A07BF002E709D /* Int+Extension.swift */; };
		1A90E2FC2B9A3E16002E709D /* Double+Extension.swift in Sources */ = {isa = PBXBuildFile; fileRef = 1A90E2FB2B9A3E16002E709D /* Double+Extension.swift */; };
		1A90E3012B9A80DF002E709D /* click.m4a in Resources */ = {isa = PBXBuildFile; fileRef = 1A90E3002B9A80DF002E709D /* click.m4a */; };
		1A90E3042B9B55E5002E709D /* AudioPlayerService.swift in Sources */ = {isa = PBXBuildFile; fileRef = 1A90E3032B9B55E5002E709D /* AudioPlayerService.swift */; };
		1A90E3062B9F774F002E709D /* tip_calculatorSnapshootTests.swift in Sources */ = {isa = PBXBuildFile; fileRef = 1A90E3052B9F774F002E709D /* tip_calculatorSnapshootTests.swift */; };
		1A90E3082B9FBDA5002E709D /* ScreenIdentifier.swift in Sources */ = {isa = PBXBuildFile; fileRef = 1A90E3072B9FBDA5002E709D /* ScreenIdentifier.swift */; };
		1A90E3092B9FBDA5002E709D /* ScreenIdentifier.swift in Sources */ = {isa = PBXBuildFile; fileRef = 1A90E3072B9FBDA5002E709D /* ScreenIdentifier.swift */; };
		1A90E30C2B9FC1AF002E709D /* CalculatorScreen.swift in Sources */ = {isa = PBXBuildFile; fileRef = 1A90E30A2B9FC1AF002E709D /* CalculatorScreen.swift */; };
		1AA4B2A32BA0988D0022063C /* Double+Extension.swift in Sources */ = {isa = PBXBuildFile; fileRef = 1A90E2FB2B9A3E16002E709D /* Double+Extension.swift */; };
		1ACE3AFF2B8523E4001F8A09 /* AppDelegate.swift in Sources */ = {isa = PBXBuildFile; fileRef = 1ACE3AFE2B8523E4001F8A09 /* AppDelegate.swift */; };
		1ACE3B012B8523E4001F8A09 /* SceneDelegate.swift in Sources */ = {isa = PBXBuildFile; fileRef = 1ACE3B002B8523E4001F8A09 /* SceneDelegate.swift */; };
		1ACE3B032B8523E4001F8A09 /* CalculatorVC.swift in Sources */ = {isa = PBXBuildFile; fileRef = 1ACE3B022B8523E4001F8A09 /* CalculatorVC.swift */; };
		1ACE3B082B8523E8001F8A09 /* Assets.xcassets in Resources */ = {isa = PBXBuildFile; fileRef = 1ACE3B072B8523E8001F8A09 /* Assets.xcassets */; };
		1ACE3B0B2B8523E8001F8A09 /* LaunchScreen.storyboard in Resources */ = {isa = PBXBuildFile; fileRef = 1ACE3B092B8523E8001F8A09 /* LaunchScreen.storyboard */; };
		1ACE3B162B8523E8001F8A09 /* tip_calculatorTests.swift in Sources */ = {isa = PBXBuildFile; fileRef = 1ACE3B152B8523E8001F8A09 /* tip_calculatorTests.swift */; };
		1ACE3B202B8523E8001F8A09 /* tip_calculatorUITests.swift in Sources */ = {isa = PBXBuildFile; fileRef = 1ACE3B1F2B8523E8001F8A09 /* tip_calculatorUITests.swift */; };
		1ACE3B302B85246C001F8A09 /* CombineCocoa in Frameworks */ = {isa = PBXBuildFile; productRef = 1ACE3B2F2B85246C001F8A09 /* CombineCocoa */; };
		1ACE3B332B8524AA001F8A09 /* SnapKit in Frameworks */ = {isa = PBXBuildFile; productRef = 1ACE3B322B8524AA001F8A09 /* SnapKit */; };
		1ACE3B362B85252A001F8A09 /* CombineCocoa in Frameworks */ = {isa = PBXBuildFile; productRef = 1ACE3B352B85252A001F8A09 /* CombineCocoa */; };
		1ACE3B392B8525AA001F8A09 /* SnapshotTesting in Frameworks */ = {isa = PBXBuildFile; productRef = 1ACE3B382B8525AA001F8A09 /* SnapshotTesting */; };
		1ACE3B3B2B87B4F1001F8A09 /* CombineCocoa in Frameworks */ = {isa = PBXBuildFile; productRef = 1ACE3B3A2B87B4F1001F8A09 /* CombineCocoa */; };
		1ACE3B3E2B87B962001F8A09 /* LogoView.swift in Sources */ = {isa = PBXBuildFile; fileRef = 1ACE3B3D2B87B962001F8A09 /* LogoView.swift */; };
		1ACE3B402B87BC06001F8A09 /* ResultView.swift in Sources */ = {isa = PBXBuildFile; fileRef = 1ACE3B3F2B87BC06001F8A09 /* ResultView.swift */; };
		1ACE3B422B87BC46001F8A09 /* BillInputView.swift in Sources */ = {isa = PBXBuildFile; fileRef = 1ACE3B412B87BC46001F8A09 /* BillInputView.swift */; };
		1ACE3B442B87BC88001F8A09 /* TipInputView.swift in Sources */ = {isa = PBXBuildFile; fileRef = 1ACE3B432B87BC88001F8A09 /* TipInputView.swift */; };
		1ACE3B462B87BCB7001F8A09 /* SplitInputView.swift in Sources */ = {isa = PBXBuildFile; fileRef = 1ACE3B452B87BCB7001F8A09 /* SplitInputView.swift */; };
		1ACE3B4B2B87C5EC001F8A09 /* ThemeColor.swift in Sources */ = {isa = PBXBuildFile; fileRef = 1ACE3B4A2B87C5EC001F8A09 /* ThemeColor.swift */; };
		1ACE3B4D2B87C604001F8A09 /* ThemeFont.swift in Sources */ = {isa = PBXBuildFile; fileRef = 1ACE3B4C2B87C604001F8A09 /* ThemeFont.swift */; };
		1ACE3B502B87C661001F8A09 /* UiColor+Extension.swift in Sources */ = {isa = PBXBuildFile; fileRef = 1ACE3B4F2B87C661001F8A09 /* UiColor+Extension.swift */; };
		1ACE3B532B891354001F8A09 /* LabelFactor.swift in Sources */ = {isa = PBXBuildFile; fileRef = 1ACE3B522B891353001F8A09 /* LabelFactor.swift */; };
		1ACE3B552B891D81001F8A09 /* UIView+Extension.swift in Sources */ = {isa = PBXBuildFile; fileRef = 1ACE3B542B891D81001F8A09 /* UIView+Extension.swift */; };
/* End PBXBuildFile section */

/* Begin PBXContainerItemProxy section */
		1ACE3B122B8523E8001F8A09 /* PBXContainerItemProxy */ = {
			isa = PBXContainerItemProxy;
			containerPortal = 1ACE3AF32B8523E3001F8A09 /* Project object */;
			proxyType = 1;
			remoteGlobalIDString = 1ACE3AFA2B8523E3001F8A09;
			remoteInfo = "tip-calculator";
		};
		1ACE3B1C2B8523E8001F8A09 /* PBXContainerItemProxy */ = {
			isa = PBXContainerItemProxy;
			containerPortal = 1ACE3AF32B8523E3001F8A09 /* Project object */;
			proxyType = 1;
			remoteGlobalIDString = 1ACE3AFA2B8523E3001F8A09;
			remoteInfo = "tip-calculator";
		};
/* End PBXContainerItemProxy section */

/* Begin PBXFileReference section */
		1A89D67E2B8E1AD1005C672E /* AmoutView.swift */ = {isa = PBXFileReference; lastKnownFileType = sourcecode.swift; path = AmoutView.swift; sourceTree = "<group>"; };
		1A89D6802B90B791005C672E /* HeaderView.swift */ = {isa = PBXFileReference; lastKnownFileType = sourcecode.swift; path = HeaderView.swift; sourceTree = "<group>"; };
		1A89D6832B90C0A7005C672E /* Tip.swift */ = {isa = PBXFileReference; lastKnownFileType = sourcecode.swift; path = Tip.swift; sourceTree = "<group>"; };
		1A89D6862B90F34B005C672E /* CalculatorVM.swift */ = {isa = PBXFileReference; lastKnownFileType = sourcecode.swift; path = CalculatorVM.swift; sourceTree = "<group>"; };
		1A89D6882B90F534005C672E /* Result.swift */ = {isa = PBXFileReference; lastKnownFileType = sourcecode.swift; path = Result.swift; sourceTree = "<group>"; };
		1A90E2F52B976637002E709D /* String+Extension.swift */ = {isa = PBXFileReference; lastKnownFileType = sourcecode.swift; path = "String+Extension.swift"; sourceTree = "<group>"; };
		1A90E2F72B978EC4002E709D /* UIResponder+Extension.swift */ = {isa = PBXFileReference; lastKnownFileType = sourcecode.swift; path = "UIResponder+Extension.swift"; sourceTree = "<group>"; };
		1A90E2F92B9A07BF002E709D /* Int+Extension.swift */ = {isa = PBXFileReference; lastKnownFileType = sourcecode.swift; path = "Int+Extension.swift"; sourceTree = "<group>"; };
		1A90E2FB2B9A3E16002E709D /* Double+Extension.swift */ = {isa = PBXFileReference; lastKnownFileType = sourcecode.swift; path = "Double+Extension.swift"; sourceTree = "<group>"; };
		1A90E3002B9A80DF002E709D /* click.m4a */ = {isa = PBXFileReference; lastKnownFileType = file; path = click.m4a; sourceTree = "<group>"; };
		1A90E3032B9B55E5002E709D /* AudioPlayerService.swift */ = {isa = PBXFileReference; lastKnownFileType = sourcecode.swift; path = AudioPlayerService.swift; sourceTree = "<group>"; };
		1A90E3052B9F774F002E709D /* tip_calculatorSnapshootTests.swift */ = {isa = PBXFileReference; lastKnownFileType = sourcecode.swift; path = tip_calculatorSnapshootTests.swift; sourceTree = "<group>"; };
		1A90E3072B9FBDA5002E709D /* ScreenIdentifier.swift */ = {isa = PBXFileReference; lastKnownFileType = sourcecode.swift; path = ScreenIdentifier.swift; sourceTree = "<group>"; };
		1A90E30A2B9FC1AF002E709D /* CalculatorScreen.swift */ = {isa = PBXFileReference; lastKnownFileType = sourcecode.swift; path = CalculatorScreen.swift; sourceTree = "<group>"; };
		1ACE3AFB2B8523E4001F8A09 /* tip-calculator.app */ = {isa = PBXFileReference; explicitFileType = wrapper.application; includeInIndex = 0; path = "tip-calculator.app"; sourceTree = BUILT_PRODUCTS_DIR; };
		1ACE3AFE2B8523E4001F8A09 /* AppDelegate.swift */ = {isa = PBXFileReference; lastKnownFileType = sourcecode.swift; path = AppDelegate.swift; sourceTree = "<group>"; };
		1ACE3B002B8523E4001F8A09 /* SceneDelegate.swift */ = {isa = PBXFileReference; lastKnownFileType = sourcecode.swift; path = SceneDelegate.swift; sourceTree = "<group>"; };
		1ACE3B022B8523E4001F8A09 /* CalculatorVC.swift */ = {isa = PBXFileReference; lastKnownFileType = sourcecode.swift; path = CalculatorVC.swift; sourceTree = "<group>"; };
		1ACE3B072B8523E8001F8A09 /* Assets.xcassets */ = {isa = PBXFileReference; lastKnownFileType = folder.assetcatalog; path = Assets.xcassets; sourceTree = "<group>"; };
		1ACE3B0A2B8523E8001F8A09 /* Base */ = {isa = PBXFileReference; lastKnownFileType = file.storyboard; name = Base; path = Base.lproj/LaunchScreen.storyboard; sourceTree = "<group>"; };
		1ACE3B0C2B8523E8001F8A09 /* Info.plist */ = {isa = PBXFileReference; lastKnownFileType = text.plist.xml; path = Info.plist; sourceTree = "<group>"; };
		1ACE3B112B8523E8001F8A09 /* tip-calculatorTests.xctest */ = {isa = PBXFileReference; explicitFileType = wrapper.cfbundle; includeInIndex = 0; path = "tip-calculatorTests.xctest"; sourceTree = BUILT_PRODUCTS_DIR; };
		1ACE3B152B8523E8001F8A09 /* tip_calculatorTests.swift */ = {isa = PBXFileReference; lastKnownFileType = sourcecode.swift; path = tip_calculatorTests.swift; sourceTree = "<group>"; };
		1ACE3B1B2B8523E8001F8A09 /* tip-calculatorUITests.xctest */ = {isa = PBXFileReference; explicitFileType = wrapper.cfbundle; includeInIndex = 0; path = "tip-calculatorUITests.xctest"; sourceTree = BUILT_PRODUCTS_DIR; };
		1ACE3B1F2B8523E8001F8A09 /* tip_calculatorUITests.swift */ = {isa = PBXFileReference; lastKnownFileType = sourcecode.swift; path = tip_calculatorUITests.swift; sourceTree = "<group>"; };
		1ACE3B3D2B87B962001F8A09 /* LogoView.swift */ = {isa = PBXFileReference; lastKnownFileType = sourcecode.swift; path = LogoView.swift; sourceTree = "<group>"; };
		1ACE3B3F2B87BC06001F8A09 /* ResultView.swift */ = {isa = PBXFileReference; lastKnownFileType = sourcecode.swift; path = ResultView.swift; sourceTree = "<group>"; };
		1ACE3B412B87BC46001F8A09 /* BillInputView.swift */ = {isa = PBXFileReference; lastKnownFileType = sourcecode.swift; path = BillInputView.swift; sourceTree = "<group>"; };
		1ACE3B432B87BC88001F8A09 /* TipInputView.swift */ = {isa = PBXFileReference; lastKnownFileType = sourcecode.swift; path = TipInputView.swift; sourceTree = "<group>"; };
		1ACE3B452B87BCB7001F8A09 /* SplitInputView.swift */ = {isa = PBXFileReference; lastKnownFileType = sourcecode.swift; path = SplitInputView.swift; sourceTree = "<group>"; };
		1ACE3B4A2B87C5EC001F8A09 /* ThemeColor.swift */ = {isa = PBXFileReference; lastKnownFileType = sourcecode.swift; path = ThemeColor.swift; sourceTree = "<group>"; };
		1ACE3B4C2B87C604001F8A09 /* ThemeFont.swift */ = {isa = PBXFileReference; lastKnownFileType = sourcecode.swift; path = ThemeFont.swift; sourceTree = "<group>"; };
		1ACE3B4F2B87C661001F8A09 /* UiColor+Extension.swift */ = {isa = PBXFileReference; lastKnownFileType = sourcecode.swift; path = "UiColor+Extension.swift"; sourceTree = "<group>"; };
		1ACE3B522B891353001F8A09 /* LabelFactor.swift */ = {isa = PBXFileReference; lastKnownFileType = sourcecode.swift; path = LabelFactor.swift; sourceTree = "<group>"; };
		1ACE3B542B891D81001F8A09 /* UIView+Extension.swift */ = {isa = PBXFileReference; lastKnownFileType = sourcecode.swift; path = "UIView+Extension.swift"; sourceTree = "<group>"; };
/* End PBXFileReference section */

/* Begin PBXFrameworksBuildPhase section */
		1ACE3AF82B8523E3001F8A09 /* Frameworks */ = {
			isa = PBXFrameworksBuildPhase;
			buildActionMask = 2147483647;
			files = (
				1ACE3B302B85246C001F8A09 /* CombineCocoa in Frameworks */,
				1ACE3B332B8524AA001F8A09 /* SnapKit in Frameworks */,
			);
			runOnlyForDeploymentPostprocessing = 0;
		};
		1ACE3B0E2B8523E8001F8A09 /* Frameworks */ = {
			isa = PBXFrameworksBuildPhase;
			buildActionMask = 2147483647;
			files = (
				1ACE3B362B85252A001F8A09 /* CombineCocoa in Frameworks */,
				1ACE3B392B8525AA001F8A09 /* SnapshotTesting in Frameworks */,
			);
			runOnlyForDeploymentPostprocessing = 0;
		};
		1ACE3B182B8523E8001F8A09 /* Frameworks */ = {
			isa = PBXFrameworksBuildPhase;
			buildActionMask = 2147483647;
			files = (
				1ACE3B3B2B87B4F1001F8A09 /* CombineCocoa in Frameworks */,
			);
			runOnlyForDeploymentPostprocessing = 0;
		};
/* End PBXFrameworksBuildPhase section */

/* Begin PBXGroup section */
		1A89D6822B90C095005C672E /* model */ = {
			isa = PBXGroup;
			children = (
				1A89D6832B90C0A7005C672E /* Tip.swift */,
				1A89D6882B90F534005C672E /* Result.swift */,
				1A90E3072B9FBDA5002E709D /* ScreenIdentifier.swift */,
			);
			path = model;
			sourceTree = "<group>";
		};
		1A89D6852B90F309005C672E /* view-model */ = {
			isa = PBXGroup;
			children = (
				1A89D6862B90F34B005C672E /* CalculatorVM.swift */,
			);
			path = "view-model";
			sourceTree = "<group>";
		};
		1A90E2FD2B9A805A002E709D /* resources */ = {
			isa = PBXGroup;
			children = (
				1A90E3002B9A80DF002E709D /* click.m4a */,
			);
			path = resources;
			sourceTree = "<group>";
		};
		1A90E3022B9B55CB002E709D /* service */ = {
			isa = PBXGroup;
			children = (
				1A90E3032B9B55E5002E709D /* AudioPlayerService.swift */,
			);
			path = service;
			sourceTree = "<group>";
		};
		1ACE3AF22B8523E3001F8A09 = {
			isa = PBXGroup;
			children = (
				1ACE3AFD2B8523E4001F8A09 /* tip-calculator */,
				1ACE3B142B8523E8001F8A09 /* tip-calculatorTests */,
				1ACE3B1E2B8523E8001F8A09 /* tip-calculatorUITests */,
				1ACE3AFC2B8523E4001F8A09 /* Products */,
				1ACE3B342B85252A001F8A09 /* Frameworks */,
			);
			sourceTree = "<group>";
		};
		1ACE3AFC2B8523E4001F8A09 /* Products */ = {
			isa = PBXGroup;
			children = (
				1ACE3AFB2B8523E4001F8A09 /* tip-calculator.app */,
				1ACE3B112B8523E8001F8A09 /* tip-calculatorTests.xctest */,
				1ACE3B1B2B8523E8001F8A09 /* tip-calculatorUITests.xctest */,
			);
			name = Products;
			sourceTree = "<group>";
		};
		1ACE3AFD2B8523E4001F8A09 /* tip-calculator */ = {
			isa = PBXGroup;
			children = (
				1A90E3022B9B55CB002E709D /* service */,
				1A90E2FD2B9A805A002E709D /* resources */,
				1A89D6852B90F309005C672E /* view-model */,
				1A89D6822B90C095005C672E /* model */,
				1ACE3B512B89132E001F8A09 /* factory */,
				1ACE3B4E2B87C63C001F8A09 /* extension */,
				1ACE3B492B87C560001F8A09 /* config */,
				1ACE3B3C2B87B949001F8A09 /* View */,
				1ACE3AFE2B8523E4001F8A09 /* AppDelegate.swift */,
				1ACE3B002B8523E4001F8A09 /* SceneDelegate.swift */,
				1ACE3B022B8523E4001F8A09 /* CalculatorVC.swift */,
				1ACE3B072B8523E8001F8A09 /* Assets.xcassets */,
				1ACE3B092B8523E8001F8A09 /* LaunchScreen.storyboard */,
				1ACE3B0C2B8523E8001F8A09 /* Info.plist */,
			);
			path = "tip-calculator";
			sourceTree = "<group>";
		};
		1ACE3B142B8523E8001F8A09 /* tip-calculatorTests */ = {
			isa = PBXGroup;
			children = (
				1ACE3B152B8523E8001F8A09 /* tip_calculatorTests.swift */,
				1A90E3052B9F774F002E709D /* tip_calculatorSnapshootTests.swift */,
			);
			path = "tip-calculatorTests";
			sourceTree = "<group>";
		};
		1ACE3B1E2B8523E8001F8A09 /* tip-calculatorUITests */ = {
			isa = PBXGroup;
			children = (
				1ACE3B1F2B8523E8001F8A09 /* tip_calculatorUITests.swift */,
				1A90E30A2B9FC1AF002E709D /* CalculatorScreen.swift */,
			);
			path = "tip-calculatorUITests";
			sourceTree = "<group>";
		};
		1ACE3B342B85252A001F8A09 /* Frameworks */ = {
			isa = PBXGroup;
			children = (
			);
			name = Frameworks;
			sourceTree = "<group>";
		};
		1ACE3B3C2B87B949001F8A09 /* View */ = {
			isa = PBXGroup;
			children = (
				1ACE3B3D2B87B962001F8A09 /* LogoView.swift */,
				1ACE3B3F2B87BC06001F8A09 /* ResultView.swift */,
				1ACE3B412B87BC46001F8A09 /* BillInputView.swift */,
				1ACE3B432B87BC88001F8A09 /* TipInputView.swift */,
				1ACE3B452B87BCB7001F8A09 /* SplitInputView.swift */,
				1A89D67E2B8E1AD1005C672E /* AmoutView.swift */,
				1A89D6802B90B791005C672E /* HeaderView.swift */,
			);
			path = View;
			sourceTree = "<group>";
		};
		1ACE3B492B87C560001F8A09 /* config */ = {
			isa = PBXGroup;
			children = (
				1ACE3B4A2B87C5EC001F8A09 /* ThemeColor.swift */,
				1ACE3B4C2B87C604001F8A09 /* ThemeFont.swift */,
			);
			path = config;
			sourceTree = "<group>";
		};
		1ACE3B4E2B87C63C001F8A09 /* extension */ = {
			isa = PBXGroup;
			children = (
				1ACE3B4F2B87C661001F8A09 /* UiColor+Extension.swift */,
				1ACE3B542B891D81001F8A09 /* UIView+Extension.swift */,
				1A90E2F52B976637002E709D /* String+Extension.swift */,
				1A90E2F72B978EC4002E709D /* UIResponder+Extension.swift */,
				1A90E2F92B9A07BF002E709D /* Int+Extension.swift */,
				1A90E2FB2B9A3E16002E709D /* Double+Extension.swift */,
			);
			path = extension;
			sourceTree = "<group>";
		};
		1ACE3B512B89132E001F8A09 /* factory */ = {
			isa = PBXGroup;
			children = (
				1ACE3B522B891353001F8A09 /* LabelFactor.swift */,
			);
			path = factory;
			sourceTree = "<group>";
		};
/* End PBXGroup section */

/* Begin PBXNativeTarget section */
		1ACE3AFA2B8523E3001F8A09 /* tip-calculator */ = {
			isa = PBXNativeTarget;
			buildConfigurationList = 1ACE3B252B8523E8001F8A09 /* Build configuration list for PBXNativeTarget "tip-calculator" */;
			buildPhases = (
				1ACE3AF72B8523E3001F8A09 /* Sources */,
				1ACE3AF82B8523E3001F8A09 /* Frameworks */,
				1ACE3AF92B8523E3001F8A09 /* Resources */,
			);
			buildRules = (
			);
			dependencies = (
			);
			name = "tip-calculator";
			packageProductDependencies = (
				1ACE3B2F2B85246C001F8A09 /* CombineCocoa */,
				1ACE3B322B8524AA001F8A09 /* SnapKit */,
			);
			productName = "tip-calculator";
			productReference = 1ACE3AFB2B8523E4001F8A09 /* tip-calculator.app */;
			productType = "com.apple.product-type.application";
		};
		1ACE3B102B8523E8001F8A09 /* tip-calculatorTests */ = {
			isa = PBXNativeTarget;
			buildConfigurationList = 1ACE3B282B8523E8001F8A09 /* Build configuration list for PBXNativeTarget "tip-calculatorTests" */;
			buildPhases = (
				1ACE3B0D2B8523E8001F8A09 /* Sources */,
				1ACE3B0E2B8523E8001F8A09 /* Frameworks */,
				1ACE3B0F2B8523E8001F8A09 /* Resources */,
			);
			buildRules = (
			);
			dependencies = (
				1ACE3B132B8523E8001F8A09 /* PBXTargetDependency */,
			);
			name = "tip-calculatorTests";
			packageProductDependencies = (
				1ACE3B352B85252A001F8A09 /* CombineCocoa */,
				1ACE3B382B8525AA001F8A09 /* SnapshotTesting */,
			);
			productName = "tip-calculatorTests";
			productReference = 1ACE3B112B8523E8001F8A09 /* tip-calculatorTests.xctest */;
			productType = "com.apple.product-type.bundle.unit-test";
		};
		1ACE3B1A2B8523E8001F8A09 /* tip-calculatorUITests */ = {
			isa = PBXNativeTarget;
			buildConfigurationList = 1ACE3B2B2B8523E8001F8A09 /* Build configuration list for PBXNativeTarget "tip-calculatorUITests" */;
			buildPhases = (
				1ACE3B172B8523E8001F8A09 /* Sources */,
				1ACE3B182B8523E8001F8A09 /* Frameworks */,
				1ACE3B192B8523E8001F8A09 /* Resources */,
			);
			buildRules = (
			);
			dependencies = (
				1ACE3B1D2B8523E8001F8A09 /* PBXTargetDependency */,
			);
			name = "tip-calculatorUITests";
			packageProductDependencies = (
				1ACE3B3A2B87B4F1001F8A09 /* CombineCocoa */,
			);
			productName = "tip-calculatorUITests";
			productReference = 1ACE3B1B2B8523E8001F8A09 /* tip-calculatorUITests.xctest */;
			productType = "com.apple.product-type.bundle.ui-testing";
		};
/* End PBXNativeTarget section */

/* Begin PBXProject section */
		1ACE3AF32B8523E3001F8A09 /* Project object */ = {
			isa = PBXProject;
			attributes = {
				BuildIndependentTargetsInParallel = 1;
				LastSwiftUpdateCheck = 1420;
				LastUpgradeCheck = 1420;
				TargetAttributes = {
					1ACE3AFA2B8523E3001F8A09 = {
						CreatedOnToolsVersion = 14.2;
					};
					1ACE3B102B8523E8001F8A09 = {
						CreatedOnToolsVersion = 14.2;
						TestTargetID = 1ACE3AFA2B8523E3001F8A09;
					};
					1ACE3B1A2B8523E8001F8A09 = {
						CreatedOnToolsVersion = 14.2;
						TestTargetID = 1ACE3AFA2B8523E3001F8A09;
					};
				};
			};
			buildConfigurationList = 1ACE3AF62B8523E3001F8A09 /* Build configuration list for PBXProject "tip-calculator" */;
			compatibilityVersion = "Xcode 14.0";
			developmentRegion = en;
			hasScannedForEncodings = 0;
			knownRegions = (
				en,
				Base,
			);
			mainGroup = 1ACE3AF22B8523E3001F8A09;
			packageReferences = (
				1ACE3B2E2B85246C001F8A09 /* XCRemoteSwiftPackageReference "CombineCocoa" */,
				1ACE3B312B8524AA001F8A09 /* XCRemoteSwiftPackageReference "SnapKit" */,
				1ACE3B372B8525AA001F8A09 /* XCRemoteSwiftPackageReference "swift-snapshot-testing" */,
			);
			productRefGroup = 1ACE3AFC2B8523E4001F8A09 /* Products */;
			projectDirPath = "";
			projectRoot = "";
			targets = (
				1ACE3AFA2B8523E3001F8A09 /* tip-calculator */,
				1ACE3B102B8523E8001F8A09 /* tip-calculatorTests */,
				1ACE3B1A2B8523E8001F8A09 /* tip-calculatorUITests */,
			);
		};
/* End PBXProject section */

/* Begin PBXResourcesBuildPhase section */
		1ACE3AF92B8523E3001F8A09 /* Resources */ = {
			isa = PBXResourcesBuildPhase;
			buildActionMask = 2147483647;
			files = (
				1A90E3012B9A80DF002E709D /* click.m4a in Resources */,
				1ACE3B0B2B8523E8001F8A09 /* LaunchScreen.storyboard in Resources */,
				1ACE3B082B8523E8001F8A09 /* Assets.xcassets in Resources */,
			);
			runOnlyForDeploymentPostprocessing = 0;
		};
		1ACE3B0F2B8523E8001F8A09 /* Resources */ = {
			isa = PBXResourcesBuildPhase;
			buildActionMask = 2147483647;
			files = (
			);
			runOnlyForDeploymentPostprocessing = 0;
		};
		1ACE3B192B8523E8001F8A09 /* Resources */ = {
			isa = PBXResourcesBuildPhase;
			buildActionMask = 2147483647;
			files = (
			);
			runOnlyForDeploymentPostprocessing = 0;
		};
/* End PBXResourcesBuildPhase section */

/* Begin PBXSourcesBuildPhase section */
		1ACE3AF72B8523E3001F8A09 /* Sources */ = {
			isa = PBXSourcesBuildPhase;
			buildActionMask = 2147483647;
			files = (
				1A89D6892B90F534005C672E /* Result.swift in Sources */,
				1A89D6872B90F34B005C672E /* CalculatorVM.swift in Sources */,
				1A90E2F82B978EC4002E709D /* UIResponder+Extension.swift in Sources */,
				1A90E2FA2B9A07BF002E709D /* Int+Extension.swift in Sources */,
				1A90E3082B9FBDA5002E709D /* ScreenIdentifier.swift in Sources */,
				1ACE3B502B87C661001F8A09 /* UiColor+Extension.swift in Sources */,
				1A89D6842B90C0A7005C672E /* Tip.swift in Sources */,
				1ACE3B552B891D81001F8A09 /* UIView+Extension.swift in Sources */,
				1ACE3B032B8523E4001F8A09 /* CalculatorVC.swift in Sources */,
				1ACE3B3E2B87B962001F8A09 /* LogoView.swift in Sources */,
				1ACE3B4B2B87C5EC001F8A09 /* ThemeColor.swift in Sources */,
				1A89D67F2B8E1AD1005C672E /* AmoutView.swift in Sources */,
				1ACE3B422B87BC46001F8A09 /* BillInputView.swift in Sources */,
				1A90E3042B9B55E5002E709D /* AudioPlayerService.swift in Sources */,
				1ACE3B402B87BC06001F8A09 /* ResultView.swift in Sources */,
				1A90E2F62B976637002E709D /* String+Extension.swift in Sources */,
				1ACE3AFF2B8523E4001F8A09 /* AppDelegate.swift in Sources */,
				1ACE3B532B891354001F8A09 /* LabelFactor.swift in Sources */,
				1A90E2FC2B9A3E16002E709D /* Double+Extension.swift in Sources */,
				1A89D6812B90B791005C672E /* HeaderView.swift in Sources */,
				1ACE3B4D2B87C604001F8A09 /* ThemeFont.swift in Sources */,
				1ACE3B012B8523E4001F8A09 /* SceneDelegate.swift in Sources */,
				1ACE3B462B87BCB7001F8A09 /* SplitInputView.swift in Sources */,
				1ACE3B442B87BC88001F8A09 /* TipInputView.swift in Sources */,
			);
			runOnlyForDeploymentPostprocessing = 0;
		};
		1ACE3B0D2B8523E8001F8A09 /* Sources */ = {
			isa = PBXSourcesBuildPhase;
			buildActionMask = 2147483647;
			files = (
				1ACE3B162B8523E8001F8A09 /* tip_calculatorTests.swift in Sources */,
				1A90E3062B9F774F002E709D /* tip_calculatorSnapshootTests.swift in Sources */,
			);
			runOnlyForDeploymentPostprocessing = 0;
		};
		1ACE3B172B8523E8001F8A09 /* Sources */ = {
			isa = PBXSourcesBuildPhase;
			buildActionMask = 2147483647;
			files = (
				1AA4B2A32BA0988D0022063C /* Double+Extension.swift in Sources */,
				1A90E3092B9FBDA5002E709D /* ScreenIdentifier.swift in Sources */,
				1ACE3B202B8523E8001F8A09 /* tip_calculatorUITests.swift in Sources */,
				1A90E30C2B9FC1AF002E709D /* CalculatorScreen.swift in Sources */,
			);
			runOnlyForDeploymentPostprocessing = 0;
		};
/* End PBXSourcesBuildPhase section */

/* Begin PBXTargetDependency section */
		1ACE3B132B8523E8001F8A09 /* PBXTargetDependency */ = {
			isa = PBXTargetDependency;
			target = 1ACE3AFA2B8523E3001F8A09 /* tip-calculator */;
			targetProxy = 1ACE3B122B8523E8001F8A09 /* PBXContainerItemProxy */;
		};
		1ACE3B1D2B8523E8001F8A09 /* PBXTargetDependency */ = {
			isa = PBXTargetDependency;
			target = 1ACE3AFA2B8523E3001F8A09 /* tip-calculator */;
			targetProxy = 1ACE3B1C2B8523E8001F8A09 /* PBXContainerItemProxy */;
		};
/* End PBXTargetDependency section */

/* Begin PBXVariantGroup section */
		1ACE3B092B8523E8001F8A09 /* LaunchScreen.storyboard */ = {
			isa = PBXVariantGroup;
			children = (
				1ACE3B0A2B8523E8001F8A09 /* Base */,
			);
			name = LaunchScreen.storyboard;
			sourceTree = "<group>";
		};
/* End PBXVariantGroup section */

/* Begin XCBuildConfiguration section */
		1ACE3B232B8523E8001F8A09 /* Debug */ = {
			isa = XCBuildConfiguration;
			buildSettings = {
				ALWAYS_SEARCH_USER_PATHS = NO;
				CLANG_ANALYZER_NONNULL = YES;
				CLANG_ANALYZER_NUMBER_OBJECT_CONVERSION = YES_AGGRESSIVE;
				CLANG_CXX_LANGUAGE_STANDARD = "gnu++20";
				CLANG_ENABLE_MODULES = YES;
				CLANG_ENABLE_OBJC_ARC = YES;
				CLANG_ENABLE_OBJC_WEAK = YES;
				CLANG_WARN_BLOCK_CAPTURE_AUTORELEASING = YES;
				CLANG_WARN_BOOL_CONVERSION = YES;
				CLANG_WARN_COMMA = YES;
				CLANG_WARN_CONSTANT_CONVERSION = YES;
				CLANG_WARN_DEPRECATED_OBJC_IMPLEMENTATIONS = YES;
				CLANG_WARN_DIRECT_OBJC_ISA_USAGE = YES_ERROR;
				CLANG_WARN_DOCUMENTATION_COMMENTS = YES;
				CLANG_WARN_EMPTY_BODY = YES;
				CLANG_WARN_ENUM_CONVERSION = YES;
				CLANG_WARN_INFINITE_RECURSION = YES;
				CLANG_WARN_INT_CONVERSION = YES;
				CLANG_WARN_NON_LITERAL_NULL_CONVERSION = YES;
				CLANG_WARN_OBJC_IMPLICIT_RETAIN_SELF = YES;
				CLANG_WARN_OBJC_LITERAL_CONVERSION = YES;
				CLANG_WARN_OBJC_ROOT_CLASS = YES_ERROR;
				CLANG_WARN_QUOTED_INCLUDE_IN_FRAMEWORK_HEADER = YES;
				CLANG_WARN_RANGE_LOOP_ANALYSIS = YES;
				CLANG_WARN_STRICT_PROTOTYPES = YES;
				CLANG_WARN_SUSPICIOUS_MOVE = YES;
				CLANG_WARN_UNGUARDED_AVAILABILITY = YES_AGGRESSIVE;
				CLANG_WARN_UNREACHABLE_CODE = YES;
				CLANG_WARN__DUPLICATE_METHOD_MATCH = YES;
				COPY_PHASE_STRIP = NO;
				DEBUG_INFORMATION_FORMAT = dwarf;
				ENABLE_STRICT_OBJC_MSGSEND = YES;
				ENABLE_TESTABILITY = YES;
				GCC_C_LANGUAGE_STANDARD = gnu11;
				GCC_DYNAMIC_NO_PIC = NO;
				GCC_NO_COMMON_BLOCKS = YES;
				GCC_OPTIMIZATION_LEVEL = 0;
				GCC_PREPROCESSOR_DEFINITIONS = (
					"DEBUG=1",
					"$(inherited)",
				);
				GCC_WARN_64_TO_32_BIT_CONVERSION = YES;
				GCC_WARN_ABOUT_RETURN_TYPE = YES_ERROR;
				GCC_WARN_UNDECLARED_SELECTOR = YES;
				GCC_WARN_UNINITIALIZED_AUTOS = YES_AGGRESSIVE;
				GCC_WARN_UNUSED_FUNCTION = YES;
				GCC_WARN_UNUSED_VARIABLE = YES;
				IPHONEOS_DEPLOYMENT_TARGET = 16.2;
				MTL_ENABLE_DEBUG_INFO = INCLUDE_SOURCE;
				MTL_FAST_MATH = YES;
				ONLY_ACTIVE_ARCH = YES;
				SDKROOT = iphoneos;
				SWIFT_ACTIVE_COMPILATION_CONDITIONS = DEBUG;
				SWIFT_OPTIMIZATION_LEVEL = "-Onone";
			};
			name = Debug;
		};
		1ACE3B242B8523E8001F8A09 /* Release */ = {
			isa = XCBuildConfiguration;
			buildSettings = {
				ALWAYS_SEARCH_USER_PATHS = NO;
				CLANG_ANALYZER_NONNULL = YES;
				CLANG_ANALYZER_NUMBER_OBJECT_CONVERSION = YES_AGGRESSIVE;
				CLANG_CXX_LANGUAGE_STANDARD = "gnu++20";
				CLANG_ENABLE_MODULES = YES;
				CLANG_ENABLE_OBJC_ARC = YES;
				CLANG_ENABLE_OBJC_WEAK = YES;
				CLANG_WARN_BLOCK_CAPTURE_AUTORELEASING = YES;
				CLANG_WARN_BOOL_CONVERSION = YES;
				CLANG_WARN_COMMA = YES;
				CLANG_WARN_CONSTANT_CONVERSION = YES;
				CLANG_WARN_DEPRECATED_OBJC_IMPLEMENTATIONS = YES;
				CLANG_WARN_DIRECT_OBJC_ISA_USAGE = YES_ERROR;
				CLANG_WARN_DOCUMENTATION_COMMENTS = YES;
				CLANG_WARN_EMPTY_BODY = YES;
				CLANG_WARN_ENUM_CONVERSION = YES;
				CLANG_WARN_INFINITE_RECURSION = YES;
				CLANG_WARN_INT_CONVERSION = YES;
				CLANG_WARN_NON_LITERAL_NULL_CONVERSION = YES;
				CLANG_WARN_OBJC_IMPLICIT_RETAIN_SELF = YES;
				CLANG_WARN_OBJC_LITERAL_CONVERSION = YES;
				CLANG_WARN_OBJC_ROOT_CLASS = YES_ERROR;
				CLANG_WARN_QUOTED_INCLUDE_IN_FRAMEWORK_HEADER = YES;
				CLANG_WARN_RANGE_LOOP_ANALYSIS = YES;
				CLANG_WARN_STRICT_PROTOTYPES = YES;
				CLANG_WARN_SUSPICIOUS_MOVE = YES;
				CLANG_WARN_UNGUARDED_AVAILABILITY = YES_AGGRESSIVE;
				CLANG_WARN_UNREACHABLE_CODE = YES;
				CLANG_WARN__DUPLICATE_METHOD_MATCH = YES;
				COPY_PHASE_STRIP = NO;
				DEBUG_INFORMATION_FORMAT = "dwarf-with-dsym";
				ENABLE_NS_ASSERTIONS = NO;
				ENABLE_STRICT_OBJC_MSGSEND = YES;
				GCC_C_LANGUAGE_STANDARD = gnu11;
				GCC_NO_COMMON_BLOCKS = YES;
				GCC_WARN_64_TO_32_BIT_CONVERSION = YES;
				GCC_WARN_ABOUT_RETURN_TYPE = YES_ERROR;
				GCC_WARN_UNDECLARED_SELECTOR = YES;
				GCC_WARN_UNINITIALIZED_AUTOS = YES_AGGRESSIVE;
				GCC_WARN_UNUSED_FUNCTION = YES;
				GCC_WARN_UNUSED_VARIABLE = YES;
				IPHONEOS_DEPLOYMENT_TARGET = 16.2;
				MTL_ENABLE_DEBUG_INFO = NO;
				MTL_FAST_MATH = YES;
				SDKROOT = iphoneos;
				SWIFT_COMPILATION_MODE = wholemodule;
				SWIFT_OPTIMIZATION_LEVEL = "-O";
				VALIDATE_PRODUCT = YES;
			};
			name = Release;
		};
		1ACE3B262B8523E8001F8A09 /* Debug */ = {
			isa = XCBuildConfiguration;
			buildSettings = {
				ASSETCATALOG_COMPILER_APPICON_NAME = AppIcon;
				ASSETCATALOG_COMPILER_GLOBAL_ACCENT_COLOR_NAME = AccentColor;
				CODE_SIGN_STYLE = Automatic;
				CURRENT_PROJECT_VERSION = 1;
				DEVELOPMENT_TEAM = S457XR6LAD;
				GENERATE_INFOPLIST_FILE = YES;
				INFOPLIST_FILE = "tip-calculator/Info.plist";
				INFOPLIST_KEY_UIApplicationSupportsIndirectInputEvents = YES;
				INFOPLIST_KEY_UILaunchStoryboardName = LaunchScreen;
				INFOPLIST_KEY_UISupportedInterfaceOrientations_iPad = "UIInterfaceOrientationPortrait UIInterfaceOrientationPortraitUpsideDown UIInterfaceOrientationLandscapeLeft UIInterfaceOrientationLandscapeRight";
				INFOPLIST_KEY_UISupportedInterfaceOrientations_iPhone = "UIInterfaceOrientationPortrait UIInterfaceOrientationLandscapeLeft UIInterfaceOrientationLandscapeRight";
				LD_RUNPATH_SEARCH_PATHS = (
					"$(inherited)",
					"@executable_path/Frameworks",
				);
				MARKETING_VERSION = 1.0;
				PRODUCT_BUNDLE_IDENTIFIER = "com.elzo.tip-calculator";
				PRODUCT_NAME = "$(TARGET_NAME)";
				SWIFT_EMIT_LOC_STRINGS = YES;
				SWIFT_VERSION = 5.0;
				TARGETED_DEVICE_FAMILY = "1,2";
			};
			name = Debug;
		};
		1ACE3B272B8523E8001F8A09 /* Release */ = {
			isa = XCBuildConfiguration;
			buildSettings = {
				ASSETCATALOG_COMPILER_APPICON_NAME = AppIcon;
				ASSETCATALOG_COMPILER_GLOBAL_ACCENT_COLOR_NAME = AccentColor;
				CODE_SIGN_STYLE = Automatic;
				CURRENT_PROJECT_VERSION = 1;
				DEVELOPMENT_TEAM = S457XR6LAD;
				GENERATE_INFOPLIST_FILE = YES;
				INFOPLIST_FILE = "tip-calculator/Info.plist";
				INFOPLIST_KEY_UIApplicationSupportsIndirectInputEvents = YES;
				INFOPLIST_KEY_UILaunchStoryboardName = LaunchScreen;
				INFOPLIST_KEY_UISupportedInterfaceOrientations_iPad = "UIInterfaceOrientationPortrait UIInterfaceOrientationPortraitUpsideDown UIInterfaceOrientationLandscapeLeft UIInterfaceOrientationLandscapeRight";
				INFOPLIST_KEY_UISupportedInterfaceOrientations_iPhone = "UIInterfaceOrientationPortrait UIInterfaceOrientationLandscapeLeft UIInterfaceOrientationLandscapeRight";
				LD_RUNPATH_SEARCH_PATHS = (
					"$(inherited)",
					"@executable_path/Frameworks",
				);
				MARKETING_VERSION = 1.0;
				PRODUCT_BUNDLE_IDENTIFIER = "com.elzo.tip-calculator";
				PRODUCT_NAME = "$(TARGET_NAME)";
				SWIFT_EMIT_LOC_STRINGS = YES;
				SWIFT_VERSION = 5.0;
				TARGETED_DEVICE_FAMILY = "1,2";
			};
			name = Release;
		};
		1ACE3B292B8523E8001F8A09 /* Debug */ = {
			isa = XCBuildConfiguration;
			buildSettings = {
				ALWAYS_EMBED_SWIFT_STANDARD_LIBRARIES = YES;
				BUNDLE_LOADER = "$(TEST_HOST)";
				CODE_SIGN_STYLE = Automatic;
				CURRENT_PROJECT_VERSION = 1;
				DEVELOPMENT_TEAM = S457XR6LAD;
				GENERATE_INFOPLIST_FILE = YES;
				IPHONEOS_DEPLOYMENT_TARGET = 16.2;
				MARKETING_VERSION = 1.0;
				PRODUCT_BUNDLE_IDENTIFIER = "com.elzo.tip-calculatorTests";
				PRODUCT_NAME = "$(TARGET_NAME)";
				SWIFT_EMIT_LOC_STRINGS = NO;
				SWIFT_VERSION = 5.0;
				TARGETED_DEVICE_FAMILY = "1,2";
				TEST_HOST = "$(BUILT_PRODUCTS_DIR)/tip-calculator.app/$(BUNDLE_EXECUTABLE_FOLDER_PATH)/tip-calculator";
			};
			name = Debug;
		};
		1ACE3B2A2B8523E8001F8A09 /* Release */ = {
			isa = XCBuildConfiguration;
			buildSettings = {
				ALWAYS_EMBED_SWIFT_STANDARD_LIBRARIES = YES;
				BUNDLE_LOADER = "$(TEST_HOST)";
				CODE_SIGN_STYLE = Automatic;
				CURRENT_PROJECT_VERSION = 1;
				DEVELOPMENT_TEAM = S457XR6LAD;
				GENERATE_INFOPLIST_FILE = YES;
				IPHONEOS_DEPLOYMENT_TARGET = 16.2;
				MARKETING_VERSION = 1.0;
				PRODUCT_BUNDLE_IDENTIFIER = "com.elzo.tip-calculatorTests";
				PRODUCT_NAME = "$(TARGET_NAME)";
				SWIFT_EMIT_LOC_STRINGS = NO;
				SWIFT_VERSION = 5.0;
				TARGETED_DEVICE_FAMILY = "1,2";
				TEST_HOST = "$(BUILT_PRODUCTS_DIR)/tip-calculator.app/$(BUNDLE_EXECUTABLE_FOLDER_PATH)/tip-calculator";
			};
			name = Release;
		};
		1ACE3B2C2B8523E8001F8A09 /* Debug */ = {
			isa = XCBuildConfiguration;
			buildSettings = {
				ALWAYS_EMBED_SWIFT_STANDARD_LIBRARIES = YES;
				CODE_SIGN_STYLE = Automatic;
				CURRENT_PROJECT_VERSION = 1;
				DEVELOPMENT_TEAM = S457XR6LAD;
				GENERATE_INFOPLIST_FILE = YES;
				MARKETING_VERSION = 1.0;
				PRODUCT_BUNDLE_IDENTIFIER = "com.elzo.tip-calculatorUITests";
				PRODUCT_NAME = "$(TARGET_NAME)";
				SWIFT_EMIT_LOC_STRINGS = NO;
				SWIFT_VERSION = 5.0;
				TARGETED_DEVICE_FAMILY = "1,2";
				TEST_TARGET_NAME = "tip-calculator";
			};
			name = Debug;
		};
		1ACE3B2D2B8523E8001F8A09 /* Release */ = {
			isa = XCBuildConfiguration;
			buildSettings = {
				ALWAYS_EMBED_SWIFT_STANDARD_LIBRARIES = YES;
				CODE_SIGN_STYLE = Automatic;
				CURRENT_PROJECT_VERSION = 1;
				DEVELOPMENT_TEAM = S457XR6LAD;
				GENERATE_INFOPLIST_FILE = YES;
				MARKETING_VERSION = 1.0;
				PRODUCT_BUNDLE_IDENTIFIER = "com.elzo.tip-calculatorUITests";
				PRODUCT_NAME = "$(TARGET_NAME)";
				SWIFT_EMIT_LOC_STRINGS = NO;
				SWIFT_VERSION = 5.0;
				TARGETED_DEVICE_FAMILY = "1,2";
				TEST_TARGET_NAME = "tip-calculator";
			};
			name = Release;
		};
/* End XCBuildConfiguration section */

/* Begin XCConfigurationList section */
		1ACE3AF62B8523E3001F8A09 /* Build configuration list for PBXProject "tip-calculator" */ = {
			isa = XCConfigurationList;
			buildConfigurations = (
				1ACE3B232B8523E8001F8A09 /* Debug */,
				1ACE3B242B8523E8001F8A09 /* Release */,
			);
			defaultConfigurationIsVisible = 0;
			defaultConfigurationName = Release;
		};
		1ACE3B252B8523E8001F8A09 /* Build configuration list for PBXNativeTarget "tip-calculator" */ = {
			isa = XCConfigurationList;
			buildConfigurations = (
				1ACE3B262B8523E8001F8A09 /* Debug */,
				1ACE3B272B8523E8001F8A09 /* Release */,
			);
			defaultConfigurationIsVisible = 0;
			defaultConfigurationName = Release;
		};
		1ACE3B282B8523E8001F8A09 /* Build configuration list for PBXNativeTarget "tip-calculatorTests" */ = {
			isa = XCConfigurationList;
			buildConfigurations = (
				1ACE3B292B8523E8001F8A09 /* Debug */,
				1ACE3B2A2B8523E8001F8A09 /* Release */,
			);
			defaultConfigurationIsVisible = 0;
			defaultConfigurationName = Release;
		};
		1ACE3B2B2B8523E8001F8A09 /* Build configuration list for PBXNativeTarget "tip-calculatorUITests" */ = {
			isa = XCConfigurationList;
			buildConfigurations = (
				1ACE3B2C2B8523E8001F8A09 /* Debug */,
				1ACE3B2D2B8523E8001F8A09 /* Release */,
			);
			defaultConfigurationIsVisible = 0;
			defaultConfigurationName = Release;
		};
/* End XCConfigurationList section */

/* Begin XCRemoteSwiftPackageReference section */
		1ACE3B2E2B85246C001F8A09 /* XCRemoteSwiftPackageReference "CombineCocoa" */ = {
			isa = XCRemoteSwiftPackageReference;
			repositoryURL = "https://github.com/CombineCommunity/CombineCocoa.git";
			requirement = {
				kind = upToNextMajorVersion;
				minimumVersion = 0.4.1;
			};
		};
		1ACE3B312B8524AA001F8A09 /* XCRemoteSwiftPackageReference "SnapKit" */ = {
			isa = XCRemoteSwiftPackageReference;
			repositoryURL = "https://github.com/SnapKit/SnapKit.git";
			requirement = {
				kind = upToNextMajorVersion;
				minimumVersion = 5.0.0;
			};
		};
		1ACE3B372B8525AA001F8A09 /* XCRemoteSwiftPackageReference "swift-snapshot-testing" */ = {
			isa = XCRemoteSwiftPackageReference;
			repositoryURL = "https://github.com/pointfreeco/swift-snapshot-testing";
			requirement = {
				kind = upToNextMajorVersion;
				minimumVersion = 1.0.0;
			};
		};
/* End XCRemoteSwiftPackageReference section */

/* Begin XCSwiftPackageProductDependency section */
		1ACE3B2F2B85246C001F8A09 /* CombineCocoa */ = {
			isa = XCSwiftPackageProductDependency;
			package = 1ACE3B2E2B85246C001F8A09 /* XCRemoteSwiftPackageReference "CombineCocoa" */;
			productName = CombineCocoa;
		};
		1ACE3B322B8524AA001F8A09 /* SnapKit */ = {
			isa = XCSwiftPackageProductDependency;
			package = 1ACE3B312B8524AA001F8A09 /* XCRemoteSwiftPackageReference "SnapKit" */;
			productName = SnapKit;
		};
		1ACE3B352B85252A001F8A09 /* CombineCocoa */ = {
			isa = XCSwiftPackageProductDependency;
			package = 1ACE3B2E2B85246C001F8A09 /* XCRemoteSwiftPackageReference "CombineCocoa" */;
			productName = CombineCocoa;
		};
		1ACE3B382B8525AA001F8A09 /* SnapshotTesting */ = {
			isa = XCSwiftPackageProductDependency;
			package = 1ACE3B372B8525AA001F8A09 /* XCRemoteSwiftPackageReference "swift-snapshot-testing" */;
			productName = SnapshotTesting;
		};
		1ACE3B3A2B87B4F1001F8A09 /* CombineCocoa */ = {
			isa = XCSwiftPackageProductDependency;
			package = 1ACE3B2E2B85246C001F8A09 /* XCRemoteSwiftPackageReference "CombineCocoa" */;
			productName = CombineCocoa;
		};
/* End XCSwiftPackageProductDependency section */
	};
	rootObject = 1ACE3AF32B8523E3001F8A09 /* Project object */;
}
